{
    "packages": {
        "php": {
            "version": ">=7.3",
            "source": {
                "url": "https://github.com/php/php-src.git",
                "type": "git",
                "reference": "master"
            }
        },
        "laravel/framework": {
            "version": "8.*",
            "source": {
                "url": "https://github.com/laravel/framework.git",
                "type": "git",
                "reference": "8.x"
            }
        },
        "fideloper/proxy": {
            "version": "^4.4",
            "source": {
                "url": "https://github.com/fideloper/TrustedProxy.git",
                "type": "git",
                "reference": "4.x"
            }
        },
        "fruitcake/laravel-cors": {
            "version": "^2.0",
            "source": {
                "url": "https://github.com/fruitcake/laravel-cors.git",
                "type": "git",
                "reference": "2.x"
            }
        },
        "laravel/tinker": {
            "version": "^2.0",
            "source": {
                "url": "https://github.com/laravel/tinker.git",
                "type": "git",
                "reference": "2.x"
            }
        }
    },
    "packages-dev": {
        "phpunit/phpunit": {
            "version": "^9.0",
            "source": {
                "url": "https://github.com/sebastianbergmann/phpunit.git",
                "type": "git",
                "reference": "9.x"
            }
        },
        "mockery/mockery": {
            "version": "^1.4",
            "source": {
                "url": "https://github.com/mockery/mockery.git",
                "type": "git",
                "reference": "1.x"
            }
        }
    },
    "config": {
        "optimize-autoloader": true,
        "preferred-install": "dist",
        "sort-packages": true
    },
    "content-hash": "abcdef1234567890abcdef1234567890",
    "minimum-stability": "stable",
    "prefer-stable": true
}